
Microsoft Visual Studio Solution File, Format Version 12.00
# Visual Studio Version 17
VisualStudioVersion = 17.6.33829.357
MinimumVisualStudioVersion = 10.0.40219.1
Project("{FAE04EC0-301F-11D3-BF4B-00C04F79EFBC}") = "Cubeboot", "Cubeboot\Cubeboot.csproj", "{739957BD-B035-4273-9556-A4297BD20CC6}"
EndProject
Global
	GlobalSection(SolutionConfigurationPlatforms) = preSolution
		Debug|Any CPU = Debug|Any CPU
		Release|Any CPU = Release|Any CPU
	EndGlobalSection
	GlobalSection(ProjectConfigurationPlatforms) = postSolution
		{739957BD-B035-4273-9556-A4297BD20CC6}.Debug|Any CPU.ActiveCfg = Debug|Any CPU
		{739957BD-B035-4273-9556-A4297BD20CC6}.Debug|Any CPU.Build.0 = Debug|Any CPU
		{739957BD-B035-4273-9556-A4297BD20CC6}.Release|Any CPU.ActiveCfg = Release|Any CPU
		{739957BD-B035-4273-9556-A4297BD20CC6}.Release|Any CPU.Build.0 = Release|Any CPU
	EndGlobalSection
	GlobalSection(SolutionProperties) = preSolution
		HideSolutionNode = FALSE
	EndGlobalSection
	GlobalSection(ExtensibilityGlobals) = postSolution
		SolutionGuid = {DC44A9A7-1C5C-459C-93AD-F5CC8181DFAE}
	EndGlobalSection
EndGlobal
